# THIS IS AN AUTOGENERATED FILE. DO NOT EDIT THIS FILE DIRECTLY.
# yarn lockfile v1


core-js-pure@^3.38.1:
  version "3.38.1"
  resolved "https://registry.yarnpkg.com/core-js-pure/-/core-js-pure-3.38.1.tgz#e8534062a54b7221344884ba9b52474be495ada3"
  integrity sha512-BY8Etc1FZqdw1glX0XNOq2FDwfrg/VGqoZOZCdaL+UmdaqDwQwYXkMJT4t6In+zfEfOJDcM9T0KdbBeJg8KKCQ==
